
Microsoft Visual Studio Solution File, Format Version 12.00
# Visual Studio Version 17
VisualStudioVersion = 17.0.32126.317
MinimumVisualStudioVersion = 10.0.40219.1
Project("{9A19103F-16F7-4668-BE54-9A1E7A4F7556}") = "02_API", "02_API.csproj", "{14EC043A-9255-4BEA-81FD-6ED7289EB86A}"
EndProject
Global
	GlobalSection(SolutionConfigurationPlatforms) = preSolution
		Debug|Any CPU = Debug|Any CPU
		Release|Any CPU = Release|Any CPU
	EndGlobalSection
	GlobalSection(ProjectConfigurationPlatforms) = postSolution
		{14EC043A-9255-4BEA-81FD-6ED7289EB86A}.Debug|Any CPU.ActiveCfg = Debug|Any CPU
		{14EC043A-9255-4BEA-81FD-6ED7289EB86A}.Debug|Any CPU.Build.0 = Debug|Any CPU
		{14EC043A-9255-4BEA-81FD-6ED7289EB86A}.Release|Any CPU.ActiveCfg = Release|Any CPU
		{14EC043A-9255-4BEA-81FD-6ED7289EB86A}.Release|Any CPU.Build.0 = Release|Any CPU
	EndGlobalSection
	GlobalSection(SolutionProperties) = preSolution
		HideSolutionNode = FALSE
	EndGlobalSection
	GlobalSection(ExtensibilityGlobals) = postSolution
		SolutionGuid = {3E115684-EE0F-420A-8DB9-E8985529DD3D}
	EndGlobalSection
EndGlobal
